
Microsoft Visual Studio Solution File, Format Version 12.00
# Visual Studio Version 17
VisualStudioVersion = 17.6.33723.286
MinimumVisualStudioVersion = 10.0.40219.1
Project("{FAE04EC0-301F-11D3-BF4B-00C04F79EFBC}") = "ReloadingDB", "ReloadingDB.csproj", "{C23A5687-29CA-4F92-818A-6BE28E3DA58B}"
EndProject
Global
	GlobalSection(SolutionConfigurationPlatforms) = preSolution
		Debug|Any CPU = Debug|Any CPU
		Release|Any CPU = Release|Any CPU
	EndGlobalSection
	GlobalSection(ProjectConfigurationPlatforms) = postSolution
		{C23A5687-29CA-4F92-818A-6BE28E3DA58B}.Debug|Any CPU.ActiveCfg = Debug|Any CPU
		{C23A5687-29CA-4F92-818A-6BE28E3DA58B}.Debug|Any CPU.Build.0 = Debug|Any CPU
		{C23A5687-29CA-4F92-818A-6BE28E3DA58B}.Release|Any CPU.ActiveCfg = Release|Any CPU
		{C23A5687-29CA-4F92-818A-6BE28E3DA58B}.Release|Any CPU.Build.0 = Release|Any CPU
	EndGlobalSection
	GlobalSection(SolutionProperties) = preSolution
		HideSolutionNode = FALSE
	EndGlobalSection
	GlobalSection(ExtensibilityGlobals) = postSolution
		SolutionGuid = {465DC64F-2DBB-4567-B7E2-472A14F57A33}
	EndGlobalSection
EndGlobal
